{
  "name": "sloth",
  "version": "1.0.0",
  "lockfileVersion": 2,
  "requires": true,
  "packages": {
    "": {
      "name": "sloth",
      "version": "1.0.0",
      "license": "ISC",
      "dependencies": {
        "readline-sync": "^1.4.10",
        "sloth-log": "1.0.4"
      },
      "devDependencies": {
        "@types/node": "^18.13.0"
      }
    },
    "node_modules/@types/node": {
      "version": "18.13.0",
      "dev": true,
      "license": "MIT"
    },
    "node_modules/readline-sync": {
      "version": "1.4.10",
      "resolved": "https://registry.npmjs.org/readline-sync/-/readline-sync-1.4.10.tgz",
      "integrity": "sha512-gNva8/6UAe8QYepIQH/jQ2qn91Qj0B9sYjMBBs3QOB8F2CXcKgLxQaJRP76sWVRQt+QU+8fAkCbCvjjMFu7Ycw==",
      "engines": {
        "node": ">= 0.8.0"
      }
    },
    "node_modules/sloth-log": {
      "version": "1.0.4",
      "resolved": "https://registry.npmjs.org/sloth-log/-/sloth-log-1.0.4.tgz",
      "integrity": "sha512-xOPF//tzYi35v98ev8LpVINP51yFuWCZhN83+ZGBJSXqekogEJN5J3IR/hYuDENQl5lzZ9+T6PxAjIw3vH23fg=="
    }
  },
  "dependencies": {
    "@types/node": {
      "version": "18.13.0",
      "dev": true
    },
    "readline-sync": {
      "version": "1.4.10",
      "resolved": "https://registry.npmjs.org/readline-sync/-/readline-sync-1.4.10.tgz",
      "integrity": "sha512-gNva8/6UAe8QYepIQH/jQ2qn91Qj0B9sYjMBBs3QOB8F2CXcKgLxQaJRP76sWVRQt+QU+8fAkCbCvjjMFu7Ycw=="
    },
    "sloth-log": {
      "version": "1.0.4",
      "resolved": "https://registry.npmjs.org/sloth-log/-/sloth-log-1.0.4.tgz",
      "integrity": "sha512-xOPF//tzYi35v98ev8LpVINP51yFuWCZhN83+ZGBJSXqekogEJN5J3IR/hYuDENQl5lzZ9+T6PxAjIw3vH23fg=="
    }
  }
}
